Microsoft Visual Studio Solution File, Format Version 12.00
# Visual Studio 2012
Project("{8F6B983A-D068-8184-7A18-0F1398910891}") = "meteor", "Assembly-CSharp-firstpass.csproj", "{041B2758-94BE-ED58-32D4-3C121AE520DC}"
EndProject
Project("{8F6B983A-D068-8184-7A18-0F1398910891}") = "meteor", "Assembly-CSharp.csproj", "{36CEE91D-155B-5CEA-81AC-BB321449ECC0}"
EndProject
Project("{8F6B983A-D068-8184-7A18-0F1398910891}") = "meteor", "Assembly-CSharp-Editor-firstpass.csproj", "{21B0DD76-3DD5-D55E-582D-3A54F449E32B}"
EndProject
Global
	GlobalSection(SolutionConfigurationPlatforms) = preSolution
		Debug|Any CPU = Debug|Any CPU
		Release|Any CPU = Release|Any CPU
	EndGlobalSection
	GlobalSection(ProjectConfigurationPlatforms) = postSolution
		{041B2758-94BE-ED58-32D4-3C121AE520DC}.Debug|Any CPU.ActiveCfg = Debug|Any CPU
		{041B2758-94BE-ED58-32D4-3C121AE520DC}.Debug|Any CPU.Build.0 = Debug|Any CPU
		{041B2758-94BE-ED58-32D4-3C121AE520DC}.Release|Any CPU.ActiveCfg = Release|Any CPU
		{041B2758-94BE-ED58-32D4-3C121AE520DC}.Release|Any CPU.Build.0 = Release|Any CPU
		{36CEE91D-155B-5CEA-81AC-BB321449ECC0}.Debug|Any CPU.ActiveCfg = Debug|Any CPU
		{36CEE91D-155B-5CEA-81AC-BB321449ECC0}.Debug|Any CPU.Build.0 = Debug|Any CPU
		{36CEE91D-155B-5CEA-81AC-BB321449ECC0}.Release|Any CPU.ActiveCfg = Release|Any CPU
		{36CEE91D-155B-5CEA-81AC-BB321449ECC0}.Release|Any CPU.Build.0 = Release|Any CPU
		{21B0DD76-3DD5-D55E-582D-3A54F449E32B}.Debug|Any CPU.ActiveCfg = Debug|Any CPU
		{21B0DD76-3DD5-D55E-582D-3A54F449E32B}.Debug|Any CPU.Build.0 = Debug|Any CPU
		{21B0DD76-3DD5-D55E-582D-3A54F449E32B}.Release|Any CPU.ActiveCfg = Release|Any CPU
		{21B0DD76-3DD5-D55E-582D-3A54F449E32B}.Release|Any CPU.Build.0 = Release|Any CPU
	EndGlobalSection
	GlobalSection(MonoDevelopProperties) = preSolution
		StartupItem = Assembly-CSharp.csproj
	EndGlobalSection
EndGlobal
