Microsoft Visual Studio Solution File, Format Version 11.00
# Visual Studio 2008

Project("{AF9BD034-FFEE-4E99-E3AD-17BF69105A6D}") = "meteorgame", "Assembly-CSharp.csproj", "{F3FFD14D-3761-07A0-D713-C83AED900B17}"
EndProject
Project("{AF9BD034-FFEE-4E99-E3AD-17BF69105A6D}") = "meteorgame", "Assembly-CSharp-Editor.csproj", "{E16336C8-7BE9-EE6D-6D19-D6F9148AD45E}"
EndProject
Global
	GlobalSection(SolutionConfigurationPlatforms) = preSolution
		Debug|Any CPU = Debug|Any CPU
		Release|Any CPU = Release|Any CPU
	EndGlobalSection
	GlobalSection(ProjectConfigurationPlatforms) = postSolution
		{F3FFD14D-3761-07A0-D713-C83AED900B17}.Debug|Any CPU.ActiveCfg = Debug|Any CPU
		{F3FFD14D-3761-07A0-D713-C83AED900B17}.Debug|Any CPU.Build.0 = Debug|Any CPU
		{F3FFD14D-3761-07A0-D713-C83AED900B17}.Release|Any CPU.ActiveCfg = Release|Any CPU
		{F3FFD14D-3761-07A0-D713-C83AED900B17}.Release|Any CPU.Build.0 = Release|Any CPU
		{E16336C8-7BE9-EE6D-6D19-D6F9148AD45E}.Debug|Any CPU.ActiveCfg = Debug|Any CPU
		{E16336C8-7BE9-EE6D-6D19-D6F9148AD45E}.Debug|Any CPU.Build.0 = Debug|Any CPU
		{E16336C8-7BE9-EE6D-6D19-D6F9148AD45E}.Release|Any CPU.ActiveCfg = Release|Any CPU
		{E16336C8-7BE9-EE6D-6D19-D6F9148AD45E}.Release|Any CPU.Build.0 = Release|Any CPU
	EndGlobalSection
	GlobalSection(SolutionProperties) = preSolution
		HideSolutionNode = FALSE
	EndGlobalSection
																																						GlobalSection(MonoDevelopProperties) = preSolution
		StartupItem = Assembly-CSharp.csproj
		Policies = $0
		$0.TextStylePolicy = $1
		$1.inheritsSet = null
		$1.scope = text/x-csharp
		$0.CSharpFormattingPolicy = $2
		$2.inheritsSet = Mono
		$2.inheritsScope = text/x-csharp
		$2.scope = text/x-csharp
		$0.TextStylePolicy = $3
		$3.FileWidth = 120
		$3.TabWidth = 4
		$3.IndentWidth = 4
		$3.EolMarker = Unix
		$3.inheritsSet = Mono
		$3.inheritsScope = text/plain
		$3.scope = text/plain
	EndGlobalSection

EndGlobal
